<?xml version="1.0" encoding="UTF-8" standalone="yes" ?>
<CodeBlocks_project_file>
	<FileVersion major="1" minor="6" />
	<Project>
		<Option title="FTGLDemo" />
		<Option pch_mode="2" />
		<Option compiler="gcc" />
		<Build>
			<Target title="Debug Win32">
				<Option output="FTGLDemo" prefix_auto="1" extension_auto="1" />
				<Option object_output="Debug Win32" />
				<Option type="1" />
				<Option compiler="gcc" />
				<Compiler>
					<Add option="-DWIN32" />
					<Add option="-D_DEBUG" />
					<Add option="-D_WINDOWS" />
					<Add option="-DFTGL_LIBRARY_STATIC" />
					<Add option="-D_CRT_SECURE_NO_DEPRECATE" />
					<Add option="-W" />
					<Add option="-g" />
					<Add option="-O0" />
					<Add directory=".." />
					<Add directory="..\..\src" />
					<Add directory="$(FREETYPE)\include" />
				</Compiler>
				<ResourceCompiler>
					<Add directory=".." />
					<Add directory="..\..\src" />
					<Add directory="$(FREETYPE)\include" />
				</ResourceCompiler>
				<Linker>
					<Add library="freetype234_D" />
				</Linker>
			</Target>
			<Target title="Release Win32">
				<Option output="FTGLDemo" prefix_auto="1" extension_auto="1" />
				<Option object_output="Release Win32" />
				<Option type="1" />
				<Option compiler="gcc" />
				<Compiler>
					<Add option="-DWIN32" />
					<Add option="-DNDEBUG" />
					<Add option="-D_WINDOWS" />
					<Add option="-DFTGL_LIBRARY_STATIC" />
					<Add option="-W" />
					<Add directory=".." />
					<Add directory="..\..\src" />
					<Add directory="$(FREETYPE)\include" />
				</Compiler>
				<ResourceCompiler>
					<Add directory=".." />
					<Add directory="..\..\src" />
					<Add directory="$(FREETYPE)\include" />
				</ResourceCompiler>
				<Linker>
					<Add library="freetype234" />
				</Linker>
			</Target>
		</Build>
		<Unit filename="..\..\demo\FTGLDemo.cpp" />
		<Unit filename="..\..\src\FTGL\ftgl.h" />
		<Extensions>
			<code_completion />
			<debugger />
		</Extensions>
	</Project>
</CodeBlocks_project_file>
